
Microsoft Visual Studio Solution File, Format Version 12.00
# Visual Studio 2012
Project("{FAE04EC0-301F-11D3-BF4B-00C04F79EFBC}") = "MapSnap", "MapSnap.csproj", "{970714B0-B0BC-4C1F-BE31-D41936BEFDA4}"
EndProject
Global
	GlobalSection(SolutionConfigurationPlatforms) = preSolution
		Debug|iPhoneSimulator = Debug|iPhoneSimulator
		Release|iPhone = Release|iPhone
		Release|iPhoneSimulator = Release|iPhoneSimulator
		Debug|iPhone = Debug|iPhone
	EndGlobalSection
	GlobalSection(ProjectConfigurationPlatforms) = postSolution
		{970714B0-B0BC-4C1F-BE31-D41936BEFDA4}.Debug|iPhone.ActiveCfg = Debug|iPhone
		{970714B0-B0BC-4C1F-BE31-D41936BEFDA4}.Debug|iPhone.Build.0 = Debug|iPhone
		{970714B0-B0BC-4C1F-BE31-D41936BEFDA4}.Debug|iPhoneSimulator.ActiveCfg = Debug|iPhoneSimulator
		{970714B0-B0BC-4C1F-BE31-D41936BEFDA4}.Debug|iPhoneSimulator.Build.0 = Debug|iPhoneSimulator
		{970714B0-B0BC-4C1F-BE31-D41936BEFDA4}.Release|iPhone.ActiveCfg = Release|iPhone
		{970714B0-B0BC-4C1F-BE31-D41936BEFDA4}.Release|iPhone.Build.0 = Release|iPhone
		{970714B0-B0BC-4C1F-BE31-D41936BEFDA4}.Release|iPhoneSimulator.ActiveCfg = Release|iPhoneSimulator
		{970714B0-B0BC-4C1F-BE31-D41936BEFDA4}.Release|iPhoneSimulator.Build.0 = Release|iPhoneSimulator
	EndGlobalSection
EndGlobal
