
Microsoft Visual Studio Solution File, Format Version 12.00
# Visual Studio 2012
Project("{FAE04EC0-301F-11D3-BF4B-00C04F79EFBC}") = "ImageBlur", "ImageBlur.csproj", "{B7BDB3DB-9BCF-4AC1-9A1D-64527CDD8052}"
EndProject
Global
	GlobalSection(SolutionConfigurationPlatforms) = preSolution
		Debug|iPhoneSimulator = Debug|iPhoneSimulator
		Release|iPhone = Release|iPhone
		Release|iPhoneSimulator = Release|iPhoneSimulator
		Debug|iPhone = Debug|iPhone
	EndGlobalSection
	GlobalSection(ProjectConfigurationPlatforms) = postSolution
		{B7BDB3DB-9BCF-4AC1-9A1D-64527CDD8052}.Debug|iPhoneSimulator.ActiveCfg = Debug|iPhoneSimulator
		{B7BDB3DB-9BCF-4AC1-9A1D-64527CDD8052}.Debug|iPhoneSimulator.Build.0 = Debug|iPhoneSimulator
		{B7BDB3DB-9BCF-4AC1-9A1D-64527CDD8052}.Release|iPhone.ActiveCfg = Release|iPhone
		{B7BDB3DB-9BCF-4AC1-9A1D-64527CDD8052}.Release|iPhone.Build.0 = Release|iPhone
		{B7BDB3DB-9BCF-4AC1-9A1D-64527CDD8052}.Release|iPhoneSimulator.ActiveCfg = Release|iPhoneSimulator
		{B7BDB3DB-9BCF-4AC1-9A1D-64527CDD8052}.Release|iPhoneSimulator.Build.0 = Release|iPhoneSimulator
		{B7BDB3DB-9BCF-4AC1-9A1D-64527CDD8052}.Debug|iPhone.ActiveCfg = Debug|iPhone
		{B7BDB3DB-9BCF-4AC1-9A1D-64527CDD8052}.Debug|iPhone.Build.0 = Debug|iPhone
	EndGlobalSection
EndGlobal
