
Microsoft Visual Studio Solution File, Format Version 12.00
# Visual Studio 2012
Project("{FAE04EC0-301F-11D3-BF4B-00C04F79EFBC}") = "PongIOS", "PongIOS\PongIOS.csproj", "{3742E2E7-BF47-41EE-902B-FDAE0DF1835C}"
EndProject
Global
	GlobalSection(SolutionConfigurationPlatforms) = preSolution
		Debug|iPhoneSimulator = Debug|iPhoneSimulator
		Release|iPhoneSimulator = Release|iPhoneSimulator
		Debug|iPhone = Debug|iPhone
		Release|iPhone = Release|iPhone
		Ad-Hoc|iPhone = Ad-Hoc|iPhone
		AppStore|iPhone = AppStore|iPhone
	EndGlobalSection
	GlobalSection(ProjectConfigurationPlatforms) = postSolution
		{3742E2E7-BF47-41EE-902B-FDAE0DF1835C}.Ad-Hoc|iPhone.ActiveCfg = Ad-Hoc|iPhone
		{3742E2E7-BF47-41EE-902B-FDAE0DF1835C}.Ad-Hoc|iPhone.Build.0 = Ad-Hoc|iPhone
		{3742E2E7-BF47-41EE-902B-FDAE0DF1835C}.AppStore|iPhone.ActiveCfg = AppStore|iPhone
		{3742E2E7-BF47-41EE-902B-FDAE0DF1835C}.AppStore|iPhone.Build.0 = AppStore|iPhone
		{3742E2E7-BF47-41EE-902B-FDAE0DF1835C}.Debug|iPhone.ActiveCfg = Debug|iPhone
		{3742E2E7-BF47-41EE-902B-FDAE0DF1835C}.Debug|iPhone.Build.0 = Debug|iPhone
		{3742E2E7-BF47-41EE-902B-FDAE0DF1835C}.Debug|iPhoneSimulator.ActiveCfg = Debug|iPhoneSimulator
		{3742E2E7-BF47-41EE-902B-FDAE0DF1835C}.Debug|iPhoneSimulator.Build.0 = Debug|iPhoneSimulator
		{3742E2E7-BF47-41EE-902B-FDAE0DF1835C}.Release|iPhone.ActiveCfg = Release|iPhone
		{3742E2E7-BF47-41EE-902B-FDAE0DF1835C}.Release|iPhone.Build.0 = Release|iPhone
		{3742E2E7-BF47-41EE-902B-FDAE0DF1835C}.Release|iPhoneSimulator.ActiveCfg = Release|iPhoneSimulator
		{3742E2E7-BF47-41EE-902B-FDAE0DF1835C}.Release|iPhoneSimulator.Build.0 = Release|iPhoneSimulator
	EndGlobalSection
	GlobalSection(MonoDevelopProperties) = preSolution
		StartupItem = PongIOS\PongIOS.csproj
	EndGlobalSection
EndGlobal
